
Microsoft Visual Studio Solution File, Format Version 12.00
# Visual Studio Version 16
VisualStudioVersion = 16.0.29920.165
MinimumVisualStudioVersion = 10.0.40219.1
Project("{FAE04EC0-301F-11D3-BF4B-00C04F79EFBC}") = "Papercut", "src\Papercut.UI\Papercut.csproj", "{AC067042-66BD-4110-ADA1-E2CEA43E7947}"
EndProject
Project("{9A19103F-16F7-4668-BE54-9A1E7A4F7556}") = "Papercut.Core", "src\Papercut.Core\Papercut.Core.csproj", "{EEDD1016-6442-48CE-8F8E-1D350829FBDE}"
EndProject
Project("{9A19103F-16F7-4668-BE54-9A1E7A4F7556}") = "Papercut.Service", "src\Papercut.Service\Papercut.Service.csproj", "{BDDBCFD4-A1BD-4469-ACBD-E676E1723252}"
EndProject
Project("{2150E333-8FDC-42A3-9474-1A3956D46DE8}") = "Extras", "Extras", "{66E83B2B-F2C9-4CAA-A519-E4C48566D6BE}"
	ProjectSection(SolutionItems) = preProject
		src\GlobalAssemblyInfo.cs = src\GlobalAssemblyInfo.cs
		README.md = README.md
		ReleaseNotes.md = ReleaseNotes.md
	EndProjectSection
EndProject
Project("{9A19103F-16F7-4668-BE54-9A1E7A4F7556}") = "Papercut.Message", "src\Papercut.Message\Papercut.Message.csproj", "{CB1F4128-BE3E-42BD-AE04-FCBBE5692E14}"
EndProject
Project("{9A19103F-16F7-4668-BE54-9A1E7A4F7556}") = "Papercut.Rules", "src\Papercut.Rules\Papercut.Rules.csproj", "{5EC90C45-979D-43A5-BA1C-A286DBF4BECA}"
EndProject
Project("{9A19103F-16F7-4668-BE54-9A1E7A4F7556}") = "Papercut.Common", "src\Papercut.Common\Papercut.Common.csproj", "{5FA0E4AA-27AF-4801-B6CA-8C97DADD6DA6}"
EndProject
Project("{9A19103F-16F7-4668-BE54-9A1E7A4F7556}") = "Papercut.App.WebApi", "src\Papercut.App.WebApi\Papercut.App.WebApi.csproj", "{A1C924F3-3CFB-4844-B79F-8BFFEC60EEBF}"
EndProject
Project("{2150E333-8FDC-42A3-9474-1A3956D46DE8}") = "Tests", "Tests", "{2D6337D4-FD59-49E0-9209-4B06219DB29D}"
EndProject
Project("{9A19103F-16F7-4668-BE54-9A1E7A4F7556}") = "Papercut.App.WebApi.Tests", "test\Papercut.App.WebApi.Tests\Papercut.App.WebApi.Tests.csproj", "{9EA3D96F-4B03-404D-BD2D-EBE12C1C1FFA}"
EndProject
Project("{2150E333-8FDC-42A3-9474-1A3956D46DE8}") = "Installer", "Installer", "{8D2E180D-683F-4F03-A683-4DCFA3B8D564}"
EndProject
Project("{930C7802-8A8C-48F9-8165-68863BCCD9DD}") = "Papercut.Installer", "src\Papercut.Installer\Papercut.Installer.wixproj", "{BE653826-1E09-4905-B03D-2A68633BE2F8}"
EndProject
Project("{930C7802-8A8C-48F9-8165-68863BCCD9DD}") = "Papercut.Bootstrapper", "src\Papercut.Bootstrapper\Papercut.Bootstrapper.wixproj", "{72719C72-122E-4313-8A57-0A0FC666BA75}"
EndProject
Project("{2150E333-8FDC-42A3-9474-1A3956D46DE8}") = ".Build", ".Build", "{8661B39E-1555-4A2F-B6C2-6442E83DE73D}"
	ProjectSection(SolutionItems) = preProject
		appveyor.yml = appveyor.yml
		build\build.cake = build\build.cake
		build\build.ps1 = build\build.ps1
		build\BuildInformation.cake = build\BuildInformation.cake
		build\ReleaseNotes.cake = build\ReleaseNotes.cake
		ReleaseNotes.md = ReleaseNotes.md
	EndProjectSection
EndProject
Project("{9A19103F-16F7-4668-BE54-9A1E7A4F7556}") = "Papercut.Infrastructure.Smtp", "src\Papercut.Infrastructure.Smtp\Papercut.Infrastructure.Smtp.csproj", "{873EC485-8E94-4877-8EA7-A7DFE7612E0A}"
EndProject
Project("{9A19103F-16F7-4668-BE54-9A1E7A4F7556}") = "Papercut.Infrastructure.IPComm", "src\Papercut.Infrastructure.IPComm\Papercut.Infrastructure.IPComm.csproj", "{DA92047E-B764-41B4-B2D9-1C66C5449FA9}"
EndProject
Global
	GlobalSection(SolutionConfigurationPlatforms) = preSolution
		Debug|Any CPU = Debug|Any CPU
		Debug|x86 = Debug|x86
		Release|Any CPU = Release|Any CPU
		Release|x86 = Release|x86
	EndGlobalSection
	GlobalSection(ProjectConfigurationPlatforms) = postSolution
		{AC067042-66BD-4110-ADA1-E2CEA43E7947}.Debug|Any CPU.ActiveCfg = Debug|Any CPU
		{AC067042-66BD-4110-ADA1-E2CEA43E7947}.Debug|Any CPU.Build.0 = Debug|Any CPU
		{AC067042-66BD-4110-ADA1-E2CEA43E7947}.Debug|x86.ActiveCfg = Debug|Any CPU
		{AC067042-66BD-4110-ADA1-E2CEA43E7947}.Debug|x86.Build.0 = Debug|Any CPU
		{AC067042-66BD-4110-ADA1-E2CEA43E7947}.Release|Any CPU.ActiveCfg = Release|Any CPU
		{AC067042-66BD-4110-ADA1-E2CEA43E7947}.Release|Any CPU.Build.0 = Release|Any CPU
		{AC067042-66BD-4110-ADA1-E2CEA43E7947}.Release|x86.ActiveCfg = Release|Any CPU
		{AC067042-66BD-4110-ADA1-E2CEA43E7947}.Release|x86.Build.0 = Release|Any CPU
		{EEDD1016-6442-48CE-8F8E-1D350829FBDE}.Debug|Any CPU.ActiveCfg = Debug|Any CPU
		{EEDD1016-6442-48CE-8F8E-1D350829FBDE}.Debug|Any CPU.Build.0 = Debug|Any CPU
		{EEDD1016-6442-48CE-8F8E-1D350829FBDE}.Debug|x86.ActiveCfg = Debug|Any CPU
		{EEDD1016-6442-48CE-8F8E-1D350829FBDE}.Debug|x86.Build.0 = Debug|Any CPU
		{EEDD1016-6442-48CE-8F8E-1D350829FBDE}.Release|Any CPU.ActiveCfg = Release|Any CPU
		{EEDD1016-6442-48CE-8F8E-1D350829FBDE}.Release|Any CPU.Build.0 = Release|Any CPU
		{EEDD1016-6442-48CE-8F8E-1D350829FBDE}.Release|x86.ActiveCfg = Release|Any CPU
		{EEDD1016-6442-48CE-8F8E-1D350829FBDE}.Release|x86.Build.0 = Release|Any CPU
		{BDDBCFD4-A1BD-4469-ACBD-E676E1723252}.Debug|Any CPU.ActiveCfg = Debug|Any CPU
		{BDDBCFD4-A1BD-4469-ACBD-E676E1723252}.Debug|Any CPU.Build.0 = Debug|Any CPU
		{BDDBCFD4-A1BD-4469-ACBD-E676E1723252}.Debug|x86.ActiveCfg = Debug|Any CPU
		{BDDBCFD4-A1BD-4469-ACBD-E676E1723252}.Debug|x86.Build.0 = Debug|Any CPU
		{BDDBCFD4-A1BD-4469-ACBD-E676E1723252}.Release|Any CPU.ActiveCfg = Release|Any CPU
		{BDDBCFD4-A1BD-4469-ACBD-E676E1723252}.Release|Any CPU.Build.0 = Release|Any CPU
		{BDDBCFD4-A1BD-4469-ACBD-E676E1723252}.Release|x86.ActiveCfg = Release|Any CPU
		{BDDBCFD4-A1BD-4469-ACBD-E676E1723252}.Release|x86.Build.0 = Release|Any CPU
		{CB1F4128-BE3E-42BD-AE04-FCBBE5692E14}.Debug|Any CPU.ActiveCfg = Debug|Any CPU
		{CB1F4128-BE3E-42BD-AE04-FCBBE5692E14}.Debug|Any CPU.Build.0 = Debug|Any CPU
		{CB1F4128-BE3E-42BD-AE04-FCBBE5692E14}.Debug|x86.ActiveCfg = Debug|Any CPU
		{CB1F4128-BE3E-42BD-AE04-FCBBE5692E14}.Debug|x86.Build.0 = Debug|Any CPU
		{CB1F4128-BE3E-42BD-AE04-FCBBE5692E14}.Release|Any CPU.ActiveCfg = Release|Any CPU
		{CB1F4128-BE3E-42BD-AE04-FCBBE5692E14}.Release|Any CPU.Build.0 = Release|Any CPU
		{CB1F4128-BE3E-42BD-AE04-FCBBE5692E14}.Release|x86.ActiveCfg = Release|Any CPU
		{CB1F4128-BE3E-42BD-AE04-FCBBE5692E14}.Release|x86.Build.0 = Release|Any CPU
		{5EC90C45-979D-43A5-BA1C-A286DBF4BECA}.Debug|Any CPU.ActiveCfg = Debug|Any CPU
		{5EC90C45-979D-43A5-BA1C-A286DBF4BECA}.Debug|Any CPU.Build.0 = Debug|Any CPU
		{5EC90C45-979D-43A5-BA1C-A286DBF4BECA}.Debug|x86.ActiveCfg = Debug|Any CPU
		{5EC90C45-979D-43A5-BA1C-A286DBF4BECA}.Debug|x86.Build.0 = Debug|Any CPU
		{5EC90C45-979D-43A5-BA1C-A286DBF4BECA}.Release|Any CPU.ActiveCfg = Release|Any CPU
		{5EC90C45-979D-43A5-BA1C-A286DBF4BECA}.Release|Any CPU.Build.0 = Release|Any CPU
		{5EC90C45-979D-43A5-BA1C-A286DBF4BECA}.Release|x86.ActiveCfg = Release|Any CPU
		{5EC90C45-979D-43A5-BA1C-A286DBF4BECA}.Release|x86.Build.0 = Release|Any CPU
		{5FA0E4AA-27AF-4801-B6CA-8C97DADD6DA6}.Debug|Any CPU.ActiveCfg = Debug|Any CPU
		{5FA0E4AA-27AF-4801-B6CA-8C97DADD6DA6}.Debug|Any CPU.Build.0 = Debug|Any CPU
		{5FA0E4AA-27AF-4801-B6CA-8C97DADD6DA6}.Debug|x86.ActiveCfg = Debug|Any CPU
		{5FA0E4AA-27AF-4801-B6CA-8C97DADD6DA6}.Debug|x86.Build.0 = Debug|Any CPU
		{5FA0E4AA-27AF-4801-B6CA-8C97DADD6DA6}.Release|Any CPU.ActiveCfg = Release|Any CPU
		{5FA0E4AA-27AF-4801-B6CA-8C97DADD6DA6}.Release|Any CPU.Build.0 = Release|Any CPU
		{5FA0E4AA-27AF-4801-B6CA-8C97DADD6DA6}.Release|x86.ActiveCfg = Release|Any CPU
		{5FA0E4AA-27AF-4801-B6CA-8C97DADD6DA6}.Release|x86.Build.0 = Release|Any CPU
		{A1C924F3-3CFB-4844-B79F-8BFFEC60EEBF}.Debug|Any CPU.ActiveCfg = Debug|Any CPU
		{A1C924F3-3CFB-4844-B79F-8BFFEC60EEBF}.Debug|Any CPU.Build.0 = Debug|Any CPU
		{A1C924F3-3CFB-4844-B79F-8BFFEC60EEBF}.Debug|x86.ActiveCfg = Debug|Any CPU
		{A1C924F3-3CFB-4844-B79F-8BFFEC60EEBF}.Debug|x86.Build.0 = Debug|Any CPU
		{A1C924F3-3CFB-4844-B79F-8BFFEC60EEBF}.Release|Any CPU.ActiveCfg = Release|Any CPU
		{A1C924F3-3CFB-4844-B79F-8BFFEC60EEBF}.Release|Any CPU.Build.0 = Release|Any CPU
		{A1C924F3-3CFB-4844-B79F-8BFFEC60EEBF}.Release|x86.ActiveCfg = Release|Any CPU
		{A1C924F3-3CFB-4844-B79F-8BFFEC60EEBF}.Release|x86.Build.0 = Release|Any CPU
		{9EA3D96F-4B03-404D-BD2D-EBE12C1C1FFA}.Debug|Any CPU.ActiveCfg = Debug|Any CPU
		{9EA3D96F-4B03-404D-BD2D-EBE12C1C1FFA}.Debug|Any CPU.Build.0 = Debug|Any CPU
		{9EA3D96F-4B03-404D-BD2D-EBE12C1C1FFA}.Debug|x86.ActiveCfg = Debug|Any CPU
		{9EA3D96F-4B03-404D-BD2D-EBE12C1C1FFA}.Debug|x86.Build.0 = Debug|Any CPU
		{9EA3D96F-4B03-404D-BD2D-EBE12C1C1FFA}.Release|Any CPU.ActiveCfg = Release|Any CPU
		{9EA3D96F-4B03-404D-BD2D-EBE12C1C1FFA}.Release|Any CPU.Build.0 = Release|Any CPU
		{9EA3D96F-4B03-404D-BD2D-EBE12C1C1FFA}.Release|x86.ActiveCfg = Release|Any CPU
		{9EA3D96F-4B03-404D-BD2D-EBE12C1C1FFA}.Release|x86.Build.0 = Release|Any CPU
		{BE653826-1E09-4905-B03D-2A68633BE2F8}.Debug|Any CPU.ActiveCfg = Debug|x86
		{BE653826-1E09-4905-B03D-2A68633BE2F8}.Debug|Any CPU.Build.0 = Debug|x86
		{BE653826-1E09-4905-B03D-2A68633BE2F8}.Debug|x86.ActiveCfg = Debug|x86
		{BE653826-1E09-4905-B03D-2A68633BE2F8}.Debug|x86.Build.0 = Debug|x86
		{BE653826-1E09-4905-B03D-2A68633BE2F8}.Release|Any CPU.ActiveCfg = Release|x86
		{BE653826-1E09-4905-B03D-2A68633BE2F8}.Release|Any CPU.Build.0 = Release|x86
		{BE653826-1E09-4905-B03D-2A68633BE2F8}.Release|x86.ActiveCfg = Release|x86
		{BE653826-1E09-4905-B03D-2A68633BE2F8}.Release|x86.Build.0 = Release|x86
		{72719C72-122E-4313-8A57-0A0FC666BA75}.Debug|Any CPU.ActiveCfg = Debug|x86
		{72719C72-122E-4313-8A57-0A0FC666BA75}.Debug|Any CPU.Build.0 = Debug|x86
		{72719C72-122E-4313-8A57-0A0FC666BA75}.Debug|x86.ActiveCfg = Debug|x86
		{72719C72-122E-4313-8A57-0A0FC666BA75}.Debug|x86.Build.0 = Debug|x86
		{72719C72-122E-4313-8A57-0A0FC666BA75}.Release|Any CPU.ActiveCfg = Release|x86
		{72719C72-122E-4313-8A57-0A0FC666BA75}.Release|Any CPU.Build.0 = Release|x86
		{72719C72-122E-4313-8A57-0A0FC666BA75}.Release|x86.ActiveCfg = Release|x86
		{72719C72-122E-4313-8A57-0A0FC666BA75}.Release|x86.Build.0 = Release|x86
		{873EC485-8E94-4877-8EA7-A7DFE7612E0A}.Debug|Any CPU.ActiveCfg = Debug|Any CPU
		{873EC485-8E94-4877-8EA7-A7DFE7612E0A}.Debug|Any CPU.Build.0 = Debug|Any CPU
		{873EC485-8E94-4877-8EA7-A7DFE7612E0A}.Debug|x86.ActiveCfg = Debug|Any CPU
		{873EC485-8E94-4877-8EA7-A7DFE7612E0A}.Debug|x86.Build.0 = Debug|Any CPU
		{873EC485-8E94-4877-8EA7-A7DFE7612E0A}.Release|Any CPU.ActiveCfg = Release|Any CPU
		{873EC485-8E94-4877-8EA7-A7DFE7612E0A}.Release|Any CPU.Build.0 = Release|Any CPU
		{873EC485-8E94-4877-8EA7-A7DFE7612E0A}.Release|x86.ActiveCfg = Release|Any CPU
		{873EC485-8E94-4877-8EA7-A7DFE7612E0A}.Release|x86.Build.0 = Release|Any CPU
		{DA92047E-B764-41B4-B2D9-1C66C5449FA9}.Debug|Any CPU.ActiveCfg = Debug|Any CPU
		{DA92047E-B764-41B4-B2D9-1C66C5449FA9}.Debug|Any CPU.Build.0 = Debug|Any CPU
		{DA92047E-B764-41B4-B2D9-1C66C5449FA9}.Debug|x86.ActiveCfg = Debug|Any CPU
		{DA92047E-B764-41B4-B2D9-1C66C5449FA9}.Debug|x86.Build.0 = Debug|Any CPU
		{DA92047E-B764-41B4-B2D9-1C66C5449FA9}.Release|Any CPU.ActiveCfg = Release|Any CPU
		{DA92047E-B764-41B4-B2D9-1C66C5449FA9}.Release|Any CPU.Build.0 = Release|Any CPU
		{DA92047E-B764-41B4-B2D9-1C66C5449FA9}.Release|x86.ActiveCfg = Release|Any CPU
		{DA92047E-B764-41B4-B2D9-1C66C5449FA9}.Release|x86.Build.0 = Release|Any CPU
	EndGlobalSection
	GlobalSection(SolutionProperties) = preSolution
		HideSolutionNode = FALSE
	EndGlobalSection
	GlobalSection(NestedProjects) = preSolution
		{9EA3D96F-4B03-404D-BD2D-EBE12C1C1FFA} = {2D6337D4-FD59-49E0-9209-4B06219DB29D}
		{BE653826-1E09-4905-B03D-2A68633BE2F8} = {8D2E180D-683F-4F03-A683-4DCFA3B8D564}
		{72719C72-122E-4313-8A57-0A0FC666BA75} = {8D2E180D-683F-4F03-A683-4DCFA3B8D564}
	EndGlobalSection
	GlobalSection(ExtensibilityGlobals) = postSolution
		SolutionGuid = {437095E2-5973-4D07-849D-267DF2341A59}
	EndGlobalSection
EndGlobal
