
Microsoft Visual Studio Solution File, Format Version 12.00
# Visual Studio 2012
Project("{FAE04EC0-301F-11D3-BF4B-00C04F79EFBC}") = "Papercut", "src\Papercut.csproj", "{AC067042-66BD-4110-ADA1-E2CEA43E7947}"
EndProject
Project("{2150E333-8FDC-42A3-9474-1A3956D46DE8}") = "NuGet", "NuGet", "{C631287A-54C5-4AAA-8DC7-68D9651EE0CE}"
	ProjectSection(SolutionItems) = preProject
		.nuget\NuGet.Config = .nuget\NuGet.Config
		.nuget\NuGet.exe = .nuget\NuGet.exe
		.nuget\NuGet.targets = .nuget\NuGet.targets
	EndProjectSection
EndProject
Project("{FAE04EC0-301F-11D3-BF4B-00C04F79EFBC}") = "Papercut.SMTP", "lib\Papercut.SMTP\Papercut.SMTP.csproj", "{402FAD8F-0A66-4F66-828A-9B16B628BE01}"
EndProject
Global
	GlobalSection(SolutionConfigurationPlatforms) = preSolution
		Debug|Any CPU = Debug|Any CPU
		Release|Any CPU = Release|Any CPU
	EndGlobalSection
	GlobalSection(ProjectConfigurationPlatforms) = postSolution
		{AC067042-66BD-4110-ADA1-E2CEA43E7947}.Debug|Any CPU.ActiveCfg = Debug|Any CPU
		{AC067042-66BD-4110-ADA1-E2CEA43E7947}.Debug|Any CPU.Build.0 = Debug|Any CPU
		{AC067042-66BD-4110-ADA1-E2CEA43E7947}.Release|Any CPU.ActiveCfg = Release|Any CPU
		{AC067042-66BD-4110-ADA1-E2CEA43E7947}.Release|Any CPU.Build.0 = Release|Any CPU
		{402FAD8F-0A66-4F66-828A-9B16B628BE01}.Debug|Any CPU.ActiveCfg = Debug|Any CPU
		{402FAD8F-0A66-4F66-828A-9B16B628BE01}.Debug|Any CPU.Build.0 = Debug|Any CPU
		{402FAD8F-0A66-4F66-828A-9B16B628BE01}.Release|Any CPU.ActiveCfg = Release|Any CPU
		{402FAD8F-0A66-4F66-828A-9B16B628BE01}.Release|Any CPU.Build.0 = Release|Any CPU
	EndGlobalSection
	GlobalSection(SolutionProperties) = preSolution
		HideSolutionNode = FALSE
	EndGlobalSection
EndGlobal
