
Microsoft Visual Studio Solution File, Format Version 12.00
# Visual Studio Version 17
VisualStudioVersion = 17.9.34701.34
MinimumVisualStudioVersion = 10.0.40219.1
Project("{9A19103F-16F7-4668-BE54-9A1E7A4F7556}") = "Papercut", "src\Papercut.UI\Papercut.csproj", "{AC067042-66BD-4110-ADA1-E2CEA43E7947}"
EndProject
Project("{9A19103F-16F7-4668-BE54-9A1E7A4F7556}") = "Papercut.Core", "src\Papercut.Core\Papercut.Core.csproj", "{EEDD1016-6442-48CE-8F8E-1D350829FBDE}"
EndProject
Project("{9A19103F-16F7-4668-BE54-9A1E7A4F7556}") = "Papercut.Service", "src\Papercut.Service\Papercut.Service.csproj", "{BDDBCFD4-A1BD-4469-ACBD-E676E1723252}"
EndProject
Project("{2150E333-8FDC-42A3-9474-1A3956D46DE8}") = "Extras", "Extras", "{66E83B2B-F2C9-4CAA-A519-E4C48566D6BE}"
	ProjectSection(SolutionItems) = preProject
		src\GlobalAssemblyInfo.cs = src\GlobalAssemblyInfo.cs
		README.md = README.md
		ReleaseNotes.md = ReleaseNotes.md
	EndProjectSection
EndProject
Project("{9A19103F-16F7-4668-BE54-9A1E7A4F7556}") = "Papercut.Message", "src\Papercut.Message\Papercut.Message.csproj", "{CB1F4128-BE3E-42BD-AE04-FCBBE5692E14}"
EndProject
Project("{9A19103F-16F7-4668-BE54-9A1E7A4F7556}") = "Papercut.Rules", "src\Papercut.Rules\Papercut.Rules.csproj", "{5EC90C45-979D-43A5-BA1C-A286DBF4BECA}"
EndProject
Project("{9A19103F-16F7-4668-BE54-9A1E7A4F7556}") = "Papercut.Common", "src\Papercut.Common\Papercut.Common.csproj", "{5FA0E4AA-27AF-4801-B6CA-8C97DADD6DA6}"
EndProject
Project("{2150E333-8FDC-42A3-9474-1A3956D46DE8}") = "Tests", "Tests", "{2D6337D4-FD59-49E0-9209-4B06219DB29D}"
EndProject
Project("{2150E333-8FDC-42A3-9474-1A3956D46DE8}") = ".Build", ".Build", "{8661B39E-1555-4A2F-B6C2-6442E83DE73D}"
	ProjectSection(SolutionItems) = preProject
		.dockerignore = .dockerignore
		build-docker.ps1 = build-docker.ps1
		build-docker.sh = build-docker.sh
		build.cake = build.cake
		build.ps1 = build.ps1
		Directory.Build.props = Directory.Build.props
		Dockerfile = Dockerfile
		GitVersion.yml = GitVersion.yml
		README.md = README.md
		build\ReleaseNotes.cake = build\ReleaseNotes.cake
		ReleaseNotes.md = ReleaseNotes.md
		ReleaseNotesCurrent.md = ReleaseNotesCurrent.md
		build\Velopack.cake = build\Velopack.cake
		build\WinGet.cake = build\WinGet.cake
	EndProjectSection
EndProject
Project("{9A19103F-16F7-4668-BE54-9A1E7A4F7556}") = "Papercut.Infrastructure.Smtp", "src\Papercut.Infrastructure.Smtp\Papercut.Infrastructure.Smtp.csproj", "{873EC485-8E94-4877-8EA7-A7DFE7612E0A}"
EndProject
Project("{9A19103F-16F7-4668-BE54-9A1E7A4F7556}") = "Papercut.Infrastructure.IPComm", "src\Papercut.Infrastructure.IPComm\Papercut.Infrastructure.IPComm.csproj", "{DA92047E-B764-41B4-B2D9-1C66C5449FA9}"
EndProject
Project("{FAE04EC0-301F-11D3-BF4B-00C04F79EFBC}") = "Papercut.Core.Tests", "test\Papercut.Core.Tests\Papercut.Core.Tests.csproj", "{26A0A4C3-EA5A-490E-9805-5B255DD56994}"
EndProject
Project("{FAE04EC0-301F-11D3-BF4B-00C04F79EFBC}") = "Papercut.Message.Tests", "test\Papercut.Message.Tests\Papercut.Message.Tests.csproj", "{9A019B4C-378B-2566-564C-03CD2D1BAFA8}"
EndProject
Project("{FAE04EC0-301F-11D3-BF4B-00C04F79EFBC}") = "Papercut.Rules.Tests", "test\Papercut.Rules.Tests\Papercut.Rules.Tests.csproj", "{DBD09AAF-2367-CC97-CF28-164BF3E6B721}"
EndProject
Project("{2150E333-8FDC-42A3-9474-1A3956D46DE8}") = "Examples", "Examples", "{02EA681E-C7D8-13C7-8484-4AC65E1B71E8}"
	ProjectSection(SolutionItems) = preProject
		examples\Directory.Build.props = examples\Directory.Build.props
		examples\README.md = examples\README.md
	EndProjectSection
EndProject
Project("{FAE04EC0-301F-11D3-BF4B-00C04F79EFBC}") = "SendEmailTest", "examples\SendEmailTest\SendEmailTest.csproj", "{F2C325DA-4FC3-4879-4DFB-4CA6AE68A172}"
EndProject
Project("{FAE04EC0-301F-11D3-BF4B-00C04F79EFBC}") = "SendEmailTestWithBadSSL", "examples\SendEmailTestWithBadSSL\SendEmailTestWithBadSSL.csproj", "{55ACBD38-D261-2659-F089-08C11D90E810}"
EndProject
Project("{FAE04EC0-301F-11D3-BF4B-00C04F79EFBC}") = "SendEmailWithFileLinks", "examples\SendEmailWithFileLinks\SendEmailWithFileLinks.csproj", "{2060C595-6511-88D6-CD97-DF29AD7507F6}"
EndProject
Project("{FAE04EC0-301F-11D3-BF4B-00C04F79EFBC}") = "SendEmailWithPdfAttachment", "examples\SendEmailWithPdfAttachment\SendEmailWithPdfAttachment.csproj", "{C28EC169-00AD-7B70-8423-D0AAFAB10253}"
EndProject
Project("{FAE04EC0-301F-11D3-BF4B-00C04F79EFBC}") = "SendEmailWithTls", "examples\SendEmailWithTls\SendEmailWithTls.csproj", "{C93A5818-8CC5-6A30-766B-E5FEE4A03172}"
EndProject
Project("{FAE04EC0-301F-11D3-BF4B-00C04F79EFBC}") = "SendRichEmailTest", "examples\SendRichEmailTest\SendRichEmailTest.csproj", "{2F1FBF05-7B67-D928-56D1-F9C2D6E686E4}"
EndProject
Project("{FAE04EC0-301F-11D3-BF4B-00C04F79EFBC}") = "SendWordWrapTest", "examples\SendWordWrapTest\SendWordWrapTest.csproj", "{EA8024E3-5D17-3271-8D7A-BC8982C05ADE}"
EndProject
Global
	GlobalSection(SolutionConfigurationPlatforms) = preSolution
		Debug|AnyCPU = Debug|AnyCPU
		Debug|x64 = Debug|x64
		Debug|x86 = Debug|x86
		Release|AnyCPU = Release|AnyCPU
		Release|x64 = Release|x64
		Release|x86 = Release|x86
	EndGlobalSection
	GlobalSection(ProjectConfigurationPlatforms) = postSolution
		{AC067042-66BD-4110-ADA1-E2CEA43E7947}.Debug|AnyCPU.ActiveCfg = Debug|AnyCPU
		{AC067042-66BD-4110-ADA1-E2CEA43E7947}.Debug|AnyCPU.Build.0 = Debug|AnyCPU
		{AC067042-66BD-4110-ADA1-E2CEA43E7947}.Debug|x64.ActiveCfg = Debug|AnyCPU
		{AC067042-66BD-4110-ADA1-E2CEA43E7947}.Debug|x64.Build.0 = Debug|AnyCPU
		{AC067042-66BD-4110-ADA1-E2CEA43E7947}.Debug|x86.ActiveCfg = Debug|x86
		{AC067042-66BD-4110-ADA1-E2CEA43E7947}.Debug|x86.Build.0 = Debug|x86
		{AC067042-66BD-4110-ADA1-E2CEA43E7947}.Release|AnyCPU.ActiveCfg = Release|AnyCPU
		{AC067042-66BD-4110-ADA1-E2CEA43E7947}.Release|AnyCPU.Build.0 = Release|AnyCPU
		{AC067042-66BD-4110-ADA1-E2CEA43E7947}.Release|x64.ActiveCfg = Release|AnyCPU
		{AC067042-66BD-4110-ADA1-E2CEA43E7947}.Release|x64.Build.0 = Release|AnyCPU
		{AC067042-66BD-4110-ADA1-E2CEA43E7947}.Release|x86.ActiveCfg = Release|x86
		{AC067042-66BD-4110-ADA1-E2CEA43E7947}.Release|x86.Build.0 = Release|x86
		{EEDD1016-6442-48CE-8F8E-1D350829FBDE}.Debug|AnyCPU.ActiveCfg = Debug|AnyCPU
		{EEDD1016-6442-48CE-8F8E-1D350829FBDE}.Debug|AnyCPU.Build.0 = Debug|AnyCPU
		{EEDD1016-6442-48CE-8F8E-1D350829FBDE}.Debug|x64.ActiveCfg = Debug|AnyCPU
		{EEDD1016-6442-48CE-8F8E-1D350829FBDE}.Debug|x64.Build.0 = Debug|AnyCPU
		{EEDD1016-6442-48CE-8F8E-1D350829FBDE}.Debug|x86.ActiveCfg = Debug|x86
		{EEDD1016-6442-48CE-8F8E-1D350829FBDE}.Debug|x86.Build.0 = Debug|x86
		{EEDD1016-6442-48CE-8F8E-1D350829FBDE}.Release|AnyCPU.ActiveCfg = Release|AnyCPU
		{EEDD1016-6442-48CE-8F8E-1D350829FBDE}.Release|AnyCPU.Build.0 = Release|AnyCPU
		{EEDD1016-6442-48CE-8F8E-1D350829FBDE}.Release|x64.ActiveCfg = Release|AnyCPU
		{EEDD1016-6442-48CE-8F8E-1D350829FBDE}.Release|x64.Build.0 = Release|AnyCPU
		{EEDD1016-6442-48CE-8F8E-1D350829FBDE}.Release|x86.ActiveCfg = Release|x86
		{EEDD1016-6442-48CE-8F8E-1D350829FBDE}.Release|x86.Build.0 = Release|x86
		{BDDBCFD4-A1BD-4469-ACBD-E676E1723252}.Debug|AnyCPU.ActiveCfg = Debug|AnyCPU
		{BDDBCFD4-A1BD-4469-ACBD-E676E1723252}.Debug|AnyCPU.Build.0 = Debug|AnyCPU
		{BDDBCFD4-A1BD-4469-ACBD-E676E1723252}.Debug|x64.ActiveCfg = Debug|AnyCPU
		{BDDBCFD4-A1BD-4469-ACBD-E676E1723252}.Debug|x64.Build.0 = Debug|AnyCPU
		{BDDBCFD4-A1BD-4469-ACBD-E676E1723252}.Debug|x86.ActiveCfg = Debug|x86
		{BDDBCFD4-A1BD-4469-ACBD-E676E1723252}.Debug|x86.Build.0 = Debug|x86
		{BDDBCFD4-A1BD-4469-ACBD-E676E1723252}.Release|AnyCPU.ActiveCfg = Release|AnyCPU
		{BDDBCFD4-A1BD-4469-ACBD-E676E1723252}.Release|AnyCPU.Build.0 = Release|AnyCPU
		{BDDBCFD4-A1BD-4469-ACBD-E676E1723252}.Release|x64.ActiveCfg = Release|AnyCPU
		{BDDBCFD4-A1BD-4469-ACBD-E676E1723252}.Release|x64.Build.0 = Release|AnyCPU
		{BDDBCFD4-A1BD-4469-ACBD-E676E1723252}.Release|x86.ActiveCfg = Release|x86
		{BDDBCFD4-A1BD-4469-ACBD-E676E1723252}.Release|x86.Build.0 = Release|x86
		{CB1F4128-BE3E-42BD-AE04-FCBBE5692E14}.Debug|AnyCPU.ActiveCfg = Debug|AnyCPU
		{CB1F4128-BE3E-42BD-AE04-FCBBE5692E14}.Debug|AnyCPU.Build.0 = Debug|AnyCPU
		{CB1F4128-BE3E-42BD-AE04-FCBBE5692E14}.Debug|x64.ActiveCfg = Debug|AnyCPU
		{CB1F4128-BE3E-42BD-AE04-FCBBE5692E14}.Debug|x64.Build.0 = Debug|AnyCPU
		{CB1F4128-BE3E-42BD-AE04-FCBBE5692E14}.Debug|x86.ActiveCfg = Debug|x86
		{CB1F4128-BE3E-42BD-AE04-FCBBE5692E14}.Debug|x86.Build.0 = Debug|x86
		{CB1F4128-BE3E-42BD-AE04-FCBBE5692E14}.Release|AnyCPU.ActiveCfg = Release|AnyCPU
		{CB1F4128-BE3E-42BD-AE04-FCBBE5692E14}.Release|AnyCPU.Build.0 = Release|AnyCPU
		{CB1F4128-BE3E-42BD-AE04-FCBBE5692E14}.Release|x64.ActiveCfg = Release|AnyCPU
		{CB1F4128-BE3E-42BD-AE04-FCBBE5692E14}.Release|x64.Build.0 = Release|AnyCPU
		{CB1F4128-BE3E-42BD-AE04-FCBBE5692E14}.Release|x86.ActiveCfg = Release|x86
		{CB1F4128-BE3E-42BD-AE04-FCBBE5692E14}.Release|x86.Build.0 = Release|x86
		{5EC90C45-979D-43A5-BA1C-A286DBF4BECA}.Debug|AnyCPU.ActiveCfg = Debug|AnyCPU
		{5EC90C45-979D-43A5-BA1C-A286DBF4BECA}.Debug|AnyCPU.Build.0 = Debug|AnyCPU
		{5EC90C45-979D-43A5-BA1C-A286DBF4BECA}.Debug|x64.ActiveCfg = Debug|AnyCPU
		{5EC90C45-979D-43A5-BA1C-A286DBF4BECA}.Debug|x64.Build.0 = Debug|AnyCPU
		{5EC90C45-979D-43A5-BA1C-A286DBF4BECA}.Debug|x86.ActiveCfg = Debug|x86
		{5EC90C45-979D-43A5-BA1C-A286DBF4BECA}.Debug|x86.Build.0 = Debug|x86
		{5EC90C45-979D-43A5-BA1C-A286DBF4BECA}.Release|AnyCPU.ActiveCfg = Release|AnyCPU
		{5EC90C45-979D-43A5-BA1C-A286DBF4BECA}.Release|AnyCPU.Build.0 = Release|AnyCPU
		{5EC90C45-979D-43A5-BA1C-A286DBF4BECA}.Release|x64.ActiveCfg = Release|AnyCPU
		{5EC90C45-979D-43A5-BA1C-A286DBF4BECA}.Release|x64.Build.0 = Release|AnyCPU
		{5EC90C45-979D-43A5-BA1C-A286DBF4BECA}.Release|x86.ActiveCfg = Release|x86
		{5EC90C45-979D-43A5-BA1C-A286DBF4BECA}.Release|x86.Build.0 = Release|x86
		{5FA0E4AA-27AF-4801-B6CA-8C97DADD6DA6}.Debug|AnyCPU.ActiveCfg = Debug|AnyCPU
		{5FA0E4AA-27AF-4801-B6CA-8C97DADD6DA6}.Debug|AnyCPU.Build.0 = Debug|AnyCPU
		{5FA0E4AA-27AF-4801-B6CA-8C97DADD6DA6}.Debug|x64.ActiveCfg = Debug|AnyCPU
		{5FA0E4AA-27AF-4801-B6CA-8C97DADD6DA6}.Debug|x64.Build.0 = Debug|AnyCPU
		{5FA0E4AA-27AF-4801-B6CA-8C97DADD6DA6}.Debug|x86.ActiveCfg = Debug|x86
		{5FA0E4AA-27AF-4801-B6CA-8C97DADD6DA6}.Debug|x86.Build.0 = Debug|x86
		{5FA0E4AA-27AF-4801-B6CA-8C97DADD6DA6}.Release|AnyCPU.ActiveCfg = Release|AnyCPU
		{5FA0E4AA-27AF-4801-B6CA-8C97DADD6DA6}.Release|AnyCPU.Build.0 = Release|AnyCPU
		{5FA0E4AA-27AF-4801-B6CA-8C97DADD6DA6}.Release|x64.ActiveCfg = Release|AnyCPU
		{5FA0E4AA-27AF-4801-B6CA-8C97DADD6DA6}.Release|x64.Build.0 = Release|AnyCPU
		{5FA0E4AA-27AF-4801-B6CA-8C97DADD6DA6}.Release|x86.ActiveCfg = Release|x86
		{5FA0E4AA-27AF-4801-B6CA-8C97DADD6DA6}.Release|x86.Build.0 = Release|x86
		{873EC485-8E94-4877-8EA7-A7DFE7612E0A}.Debug|AnyCPU.ActiveCfg = Debug|AnyCPU
		{873EC485-8E94-4877-8EA7-A7DFE7612E0A}.Debug|AnyCPU.Build.0 = Debug|AnyCPU
		{873EC485-8E94-4877-8EA7-A7DFE7612E0A}.Debug|x64.ActiveCfg = Debug|AnyCPU
		{873EC485-8E94-4877-8EA7-A7DFE7612E0A}.Debug|x64.Build.0 = Debug|AnyCPU
		{873EC485-8E94-4877-8EA7-A7DFE7612E0A}.Debug|x86.ActiveCfg = Debug|x86
		{873EC485-8E94-4877-8EA7-A7DFE7612E0A}.Debug|x86.Build.0 = Debug|x86
		{873EC485-8E94-4877-8EA7-A7DFE7612E0A}.Release|AnyCPU.ActiveCfg = Release|AnyCPU
		{873EC485-8E94-4877-8EA7-A7DFE7612E0A}.Release|AnyCPU.Build.0 = Release|AnyCPU
		{873EC485-8E94-4877-8EA7-A7DFE7612E0A}.Release|x64.ActiveCfg = Release|AnyCPU
		{873EC485-8E94-4877-8EA7-A7DFE7612E0A}.Release|x64.Build.0 = Release|AnyCPU
		{873EC485-8E94-4877-8EA7-A7DFE7612E0A}.Release|x86.ActiveCfg = Release|x86
		{873EC485-8E94-4877-8EA7-A7DFE7612E0A}.Release|x86.Build.0 = Release|x86
		{DA92047E-B764-41B4-B2D9-1C66C5449FA9}.Debug|AnyCPU.ActiveCfg = Debug|AnyCPU
		{DA92047E-B764-41B4-B2D9-1C66C5449FA9}.Debug|AnyCPU.Build.0 = Debug|AnyCPU
		{DA92047E-B764-41B4-B2D9-1C66C5449FA9}.Debug|x64.ActiveCfg = Debug|AnyCPU
		{DA92047E-B764-41B4-B2D9-1C66C5449FA9}.Debug|x64.Build.0 = Debug|AnyCPU
		{DA92047E-B764-41B4-B2D9-1C66C5449FA9}.Debug|x86.ActiveCfg = Debug|x86
		{DA92047E-B764-41B4-B2D9-1C66C5449FA9}.Debug|x86.Build.0 = Debug|x86
		{DA92047E-B764-41B4-B2D9-1C66C5449FA9}.Release|AnyCPU.ActiveCfg = Release|AnyCPU
		{DA92047E-B764-41B4-B2D9-1C66C5449FA9}.Release|AnyCPU.Build.0 = Release|AnyCPU
		{DA92047E-B764-41B4-B2D9-1C66C5449FA9}.Release|x64.ActiveCfg = Release|AnyCPU
		{DA92047E-B764-41B4-B2D9-1C66C5449FA9}.Release|x64.Build.0 = Release|AnyCPU
		{DA92047E-B764-41B4-B2D9-1C66C5449FA9}.Release|x86.ActiveCfg = Release|x86
		{DA92047E-B764-41B4-B2D9-1C66C5449FA9}.Release|x86.Build.0 = Release|x86
		{26A0A4C3-EA5A-490E-9805-5B255DD56994}.Debug|AnyCPU.ActiveCfg = Debug|Any CPU
		{26A0A4C3-EA5A-490E-9805-5B255DD56994}.Debug|AnyCPU.Build.0 = Debug|Any CPU
		{26A0A4C3-EA5A-490E-9805-5B255DD56994}.Debug|x64.ActiveCfg = Debug|x64
		{26A0A4C3-EA5A-490E-9805-5B255DD56994}.Debug|x64.Build.0 = Debug|x64
		{26A0A4C3-EA5A-490E-9805-5B255DD56994}.Debug|x86.ActiveCfg = Debug|x86
		{26A0A4C3-EA5A-490E-9805-5B255DD56994}.Debug|x86.Build.0 = Debug|x86
		{26A0A4C3-EA5A-490E-9805-5B255DD56994}.Release|AnyCPU.ActiveCfg = Release|Any CPU
		{26A0A4C3-EA5A-490E-9805-5B255DD56994}.Release|AnyCPU.Build.0 = Release|Any CPU
		{26A0A4C3-EA5A-490E-9805-5B255DD56994}.Release|x64.ActiveCfg = Release|x64
		{26A0A4C3-EA5A-490E-9805-5B255DD56994}.Release|x64.Build.0 = Release|x64
		{26A0A4C3-EA5A-490E-9805-5B255DD56994}.Release|x86.ActiveCfg = Release|x86
		{26A0A4C3-EA5A-490E-9805-5B255DD56994}.Release|x86.Build.0 = Release|x86
		{9A019B4C-378B-2566-564C-03CD2D1BAFA8}.Debug|AnyCPU.ActiveCfg = Debug|Any CPU
		{9A019B4C-378B-2566-564C-03CD2D1BAFA8}.Debug|AnyCPU.Build.0 = Debug|Any CPU
		{9A019B4C-378B-2566-564C-03CD2D1BAFA8}.Debug|x64.ActiveCfg = Debug|x64
		{9A019B4C-378B-2566-564C-03CD2D1BAFA8}.Debug|x64.Build.0 = Debug|x64
		{9A019B4C-378B-2566-564C-03CD2D1BAFA8}.Debug|x86.ActiveCfg = Debug|x86
		{9A019B4C-378B-2566-564C-03CD2D1BAFA8}.Debug|x86.Build.0 = Debug|x86
		{9A019B4C-378B-2566-564C-03CD2D1BAFA8}.Release|AnyCPU.ActiveCfg = Release|Any CPU
		{9A019B4C-378B-2566-564C-03CD2D1BAFA8}.Release|AnyCPU.Build.0 = Release|Any CPU
		{9A019B4C-378B-2566-564C-03CD2D1BAFA8}.Release|x64.ActiveCfg = Release|x64
		{9A019B4C-378B-2566-564C-03CD2D1BAFA8}.Release|x64.Build.0 = Release|x64
		{9A019B4C-378B-2566-564C-03CD2D1BAFA8}.Release|x86.ActiveCfg = Release|x86
		{9A019B4C-378B-2566-564C-03CD2D1BAFA8}.Release|x86.Build.0 = Release|x86
		{DBD09AAF-2367-CC97-CF28-164BF3E6B721}.Debug|AnyCPU.ActiveCfg = Debug|Any CPU
		{DBD09AAF-2367-CC97-CF28-164BF3E6B721}.Debug|AnyCPU.Build.0 = Debug|Any CPU
		{DBD09AAF-2367-CC97-CF28-164BF3E6B721}.Debug|x64.ActiveCfg = Debug|x64
		{DBD09AAF-2367-CC97-CF28-164BF3E6B721}.Debug|x64.Build.0 = Debug|x64
		{DBD09AAF-2367-CC97-CF28-164BF3E6B721}.Debug|x86.ActiveCfg = Debug|x86
		{DBD09AAF-2367-CC97-CF28-164BF3E6B721}.Debug|x86.Build.0 = Debug|x86
		{DBD09AAF-2367-CC97-CF28-164BF3E6B721}.Release|AnyCPU.ActiveCfg = Release|Any CPU
		{DBD09AAF-2367-CC97-CF28-164BF3E6B721}.Release|AnyCPU.Build.0 = Release|Any CPU
		{DBD09AAF-2367-CC97-CF28-164BF3E6B721}.Release|x64.ActiveCfg = Release|x64
		{DBD09AAF-2367-CC97-CF28-164BF3E6B721}.Release|x64.Build.0 = Release|x64
		{DBD09AAF-2367-CC97-CF28-164BF3E6B721}.Release|x86.ActiveCfg = Release|x86
		{DBD09AAF-2367-CC97-CF28-164BF3E6B721}.Release|x86.Build.0 = Release|x86
		{F2C325DA-4FC3-4879-4DFB-4CA6AE68A172}.Debug|AnyCPU.ActiveCfg = Debug|Any CPU
		{F2C325DA-4FC3-4879-4DFB-4CA6AE68A172}.Debug|AnyCPU.Build.0 = Debug|Any CPU
		{F2C325DA-4FC3-4879-4DFB-4CA6AE68A172}.Debug|x64.ActiveCfg = Debug|Any CPU
		{F2C325DA-4FC3-4879-4DFB-4CA6AE68A172}.Debug|x64.Build.0 = Debug|Any CPU
		{F2C325DA-4FC3-4879-4DFB-4CA6AE68A172}.Debug|x86.ActiveCfg = Debug|Any CPU
		{F2C325DA-4FC3-4879-4DFB-4CA6AE68A172}.Debug|x86.Build.0 = Debug|Any CPU
		{F2C325DA-4FC3-4879-4DFB-4CA6AE68A172}.Release|AnyCPU.ActiveCfg = Release|Any CPU
		{F2C325DA-4FC3-4879-4DFB-4CA6AE68A172}.Release|AnyCPU.Build.0 = Release|Any CPU
		{F2C325DA-4FC3-4879-4DFB-4CA6AE68A172}.Release|x64.ActiveCfg = Release|Any CPU
		{F2C325DA-4FC3-4879-4DFB-4CA6AE68A172}.Release|x64.Build.0 = Release|Any CPU
		{F2C325DA-4FC3-4879-4DFB-4CA6AE68A172}.Release|x86.ActiveCfg = Release|Any CPU
		{F2C325DA-4FC3-4879-4DFB-4CA6AE68A172}.Release|x86.Build.0 = Release|Any CPU
		{55ACBD38-D261-2659-F089-08C11D90E810}.Debug|AnyCPU.ActiveCfg = Debug|Any CPU
		{55ACBD38-D261-2659-F089-08C11D90E810}.Debug|AnyCPU.Build.0 = Debug|Any CPU
		{55ACBD38-D261-2659-F089-08C11D90E810}.Debug|x64.ActiveCfg = Debug|Any CPU
		{55ACBD38-D261-2659-F089-08C11D90E810}.Debug|x64.Build.0 = Debug|Any CPU
		{55ACBD38-D261-2659-F089-08C11D90E810}.Debug|x86.ActiveCfg = Debug|Any CPU
		{55ACBD38-D261-2659-F089-08C11D90E810}.Debug|x86.Build.0 = Debug|Any CPU
		{55ACBD38-D261-2659-F089-08C11D90E810}.Release|AnyCPU.ActiveCfg = Release|Any CPU
		{55ACBD38-D261-2659-F089-08C11D90E810}.Release|AnyCPU.Build.0 = Release|Any CPU
		{55ACBD38-D261-2659-F089-08C11D90E810}.Release|x64.ActiveCfg = Release|Any CPU
		{55ACBD38-D261-2659-F089-08C11D90E810}.Release|x64.Build.0 = Release|Any CPU
		{55ACBD38-D261-2659-F089-08C11D90E810}.Release|x86.ActiveCfg = Release|Any CPU
		{55ACBD38-D261-2659-F089-08C11D90E810}.Release|x86.Build.0 = Release|Any CPU
		{2060C595-6511-88D6-CD97-DF29AD7507F6}.Debug|AnyCPU.ActiveCfg = Debug|Any CPU
		{2060C595-6511-88D6-CD97-DF29AD7507F6}.Debug|AnyCPU.Build.0 = Debug|Any CPU
		{2060C595-6511-88D6-CD97-DF29AD7507F6}.Debug|x64.ActiveCfg = Debug|Any CPU
		{2060C595-6511-88D6-CD97-DF29AD7507F6}.Debug|x64.Build.0 = Debug|Any CPU
		{2060C595-6511-88D6-CD97-DF29AD7507F6}.Debug|x86.ActiveCfg = Debug|Any CPU
		{2060C595-6511-88D6-CD97-DF29AD7507F6}.Debug|x86.Build.0 = Debug|Any CPU
		{2060C595-6511-88D6-CD97-DF29AD7507F6}.Release|AnyCPU.ActiveCfg = Release|Any CPU
		{2060C595-6511-88D6-CD97-DF29AD7507F6}.Release|AnyCPU.Build.0 = Release|Any CPU
		{2060C595-6511-88D6-CD97-DF29AD7507F6}.Release|x64.ActiveCfg = Release|Any CPU
		{2060C595-6511-88D6-CD97-DF29AD7507F6}.Release|x64.Build.0 = Release|Any CPU
		{2060C595-6511-88D6-CD97-DF29AD7507F6}.Release|x86.ActiveCfg = Release|Any CPU
		{2060C595-6511-88D6-CD97-DF29AD7507F6}.Release|x86.Build.0 = Release|Any CPU
		{C28EC169-00AD-7B70-8423-D0AAFAB10253}.Debug|AnyCPU.ActiveCfg = Debug|Any CPU
		{C28EC169-00AD-7B70-8423-D0AAFAB10253}.Debug|AnyCPU.Build.0 = Debug|Any CPU
		{C28EC169-00AD-7B70-8423-D0AAFAB10253}.Debug|x64.ActiveCfg = Debug|Any CPU
		{C28EC169-00AD-7B70-8423-D0AAFAB10253}.Debug|x64.Build.0 = Debug|Any CPU
		{C28EC169-00AD-7B70-8423-D0AAFAB10253}.Debug|x86.ActiveCfg = Debug|Any CPU
		{C28EC169-00AD-7B70-8423-D0AAFAB10253}.Debug|x86.Build.0 = Debug|Any CPU
		{C28EC169-00AD-7B70-8423-D0AAFAB10253}.Release|AnyCPU.ActiveCfg = Release|Any CPU
		{C28EC169-00AD-7B70-8423-D0AAFAB10253}.Release|AnyCPU.Build.0 = Release|Any CPU
		{C28EC169-00AD-7B70-8423-D0AAFAB10253}.Release|x64.ActiveCfg = Release|Any CPU
		{C28EC169-00AD-7B70-8423-D0AAFAB10253}.Release|x64.Build.0 = Release|Any CPU
		{C28EC169-00AD-7B70-8423-D0AAFAB10253}.Release|x86.ActiveCfg = Release|Any CPU
		{C28EC169-00AD-7B70-8423-D0AAFAB10253}.Release|x86.Build.0 = Release|Any CPU
		{C93A5818-8CC5-6A30-766B-E5FEE4A03172}.Debug|AnyCPU.ActiveCfg = Debug|Any CPU
		{C93A5818-8CC5-6A30-766B-E5FEE4A03172}.Debug|AnyCPU.Build.0 = Debug|Any CPU
		{C93A5818-8CC5-6A30-766B-E5FEE4A03172}.Debug|x64.ActiveCfg = Debug|Any CPU
		{C93A5818-8CC5-6A30-766B-E5FEE4A03172}.Debug|x64.Build.0 = Debug|Any CPU
		{C93A5818-8CC5-6A30-766B-E5FEE4A03172}.Debug|x86.ActiveCfg = Debug|Any CPU
		{C93A5818-8CC5-6A30-766B-E5FEE4A03172}.Debug|x86.Build.0 = Debug|Any CPU
		{C93A5818-8CC5-6A30-766B-E5FEE4A03172}.Release|AnyCPU.ActiveCfg = Release|Any CPU
		{C93A5818-8CC5-6A30-766B-E5FEE4A03172}.Release|AnyCPU.Build.0 = Release|Any CPU
		{C93A5818-8CC5-6A30-766B-E5FEE4A03172}.Release|x64.ActiveCfg = Release|Any CPU
		{C93A5818-8CC5-6A30-766B-E5FEE4A03172}.Release|x64.Build.0 = Release|Any CPU
		{C93A5818-8CC5-6A30-766B-E5FEE4A03172}.Release|x86.ActiveCfg = Release|Any CPU
		{C93A5818-8CC5-6A30-766B-E5FEE4A03172}.Release|x86.Build.0 = Release|Any CPU
		{2F1FBF05-7B67-D928-56D1-F9C2D6E686E4}.Debug|AnyCPU.ActiveCfg = Debug|Any CPU
		{2F1FBF05-7B67-D928-56D1-F9C2D6E686E4}.Debug|AnyCPU.Build.0 = Debug|Any CPU
		{2F1FBF05-7B67-D928-56D1-F9C2D6E686E4}.Debug|x64.ActiveCfg = Debug|Any CPU
		{2F1FBF05-7B67-D928-56D1-F9C2D6E686E4}.Debug|x64.Build.0 = Debug|Any CPU
		{2F1FBF05-7B67-D928-56D1-F9C2D6E686E4}.Debug|x86.ActiveCfg = Debug|Any CPU
		{2F1FBF05-7B67-D928-56D1-F9C2D6E686E4}.Debug|x86.Build.0 = Debug|Any CPU
		{2F1FBF05-7B67-D928-56D1-F9C2D6E686E4}.Release|AnyCPU.ActiveCfg = Release|Any CPU
		{2F1FBF05-7B67-D928-56D1-F9C2D6E686E4}.Release|AnyCPU.Build.0 = Release|Any CPU
		{2F1FBF05-7B67-D928-56D1-F9C2D6E686E4}.Release|x64.ActiveCfg = Release|Any CPU
		{2F1FBF05-7B67-D928-56D1-F9C2D6E686E4}.Release|x64.Build.0 = Release|Any CPU
		{2F1FBF05-7B67-D928-56D1-F9C2D6E686E4}.Release|x86.ActiveCfg = Release|Any CPU
		{2F1FBF05-7B67-D928-56D1-F9C2D6E686E4}.Release|x86.Build.0 = Release|Any CPU
		{EA8024E3-5D17-3271-8D7A-BC8982C05ADE}.Debug|AnyCPU.ActiveCfg = Debug|Any CPU
		{EA8024E3-5D17-3271-8D7A-BC8982C05ADE}.Debug|AnyCPU.Build.0 = Debug|Any CPU
		{EA8024E3-5D17-3271-8D7A-BC8982C05ADE}.Debug|x64.ActiveCfg = Debug|Any CPU
		{EA8024E3-5D17-3271-8D7A-BC8982C05ADE}.Debug|x64.Build.0 = Debug|Any CPU
		{EA8024E3-5D17-3271-8D7A-BC8982C05ADE}.Debug|x86.ActiveCfg = Debug|Any CPU
		{EA8024E3-5D17-3271-8D7A-BC8982C05ADE}.Debug|x86.Build.0 = Debug|Any CPU
		{EA8024E3-5D17-3271-8D7A-BC8982C05ADE}.Release|AnyCPU.ActiveCfg = Release|Any CPU
		{EA8024E3-5D17-3271-8D7A-BC8982C05ADE}.Release|AnyCPU.Build.0 = Release|Any CPU
		{EA8024E3-5D17-3271-8D7A-BC8982C05ADE}.Release|x64.ActiveCfg = Release|Any CPU
		{EA8024E3-5D17-3271-8D7A-BC8982C05ADE}.Release|x64.Build.0 = Release|Any CPU
		{EA8024E3-5D17-3271-8D7A-BC8982C05ADE}.Release|x86.ActiveCfg = Release|Any CPU
		{EA8024E3-5D17-3271-8D7A-BC8982C05ADE}.Release|x86.Build.0 = Release|Any CPU
	EndGlobalSection
	GlobalSection(SolutionProperties) = preSolution
		HideSolutionNode = FALSE
	EndGlobalSection
	GlobalSection(NestedProjects) = preSolution
		{26A0A4C3-EA5A-490E-9805-5B255DD56994} = {2D6337D4-FD59-49E0-9209-4B06219DB29D}
		{9A019B4C-378B-2566-564C-03CD2D1BAFA8} = {2D6337D4-FD59-49E0-9209-4B06219DB29D}
		{DBD09AAF-2367-CC97-CF28-164BF3E6B721} = {2D6337D4-FD59-49E0-9209-4B06219DB29D}
		{F2C325DA-4FC3-4879-4DFB-4CA6AE68A172} = {02EA681E-C7D8-13C7-8484-4AC65E1B71E8}
		{55ACBD38-D261-2659-F089-08C11D90E810} = {02EA681E-C7D8-13C7-8484-4AC65E1B71E8}
		{2060C595-6511-88D6-CD97-DF29AD7507F6} = {02EA681E-C7D8-13C7-8484-4AC65E1B71E8}
		{C28EC169-00AD-7B70-8423-D0AAFAB10253} = {02EA681E-C7D8-13C7-8484-4AC65E1B71E8}
		{C93A5818-8CC5-6A30-766B-E5FEE4A03172} = {02EA681E-C7D8-13C7-8484-4AC65E1B71E8}
		{2F1FBF05-7B67-D928-56D1-F9C2D6E686E4} = {02EA681E-C7D8-13C7-8484-4AC65E1B71E8}
		{EA8024E3-5D17-3271-8D7A-BC8982C05ADE} = {02EA681E-C7D8-13C7-8484-4AC65E1B71E8}
	EndGlobalSection
	GlobalSection(ExtensibilityGlobals) = postSolution
		SolutionGuid = {437095E2-5973-4D07-849D-267DF2341A59}
	EndGlobalSection
EndGlobal
