Microsoft Visual Studio Solution File, Format Version 12.00
# Visual Studio Version 17
VisualStudioVersion = 17.5.2.0
MinimumVisualStudioVersion = 10.0.40219.1
Project("{FAE04EC0-301F-11D3-BF4B-00C04F79EFBC}") = "Papercut.Service", "Papercut.Service.csproj", "{6ACEC51E-CE77-B5DB-43B3-2D2398385AD7}"
EndProject
Global
	GlobalSection(SolutionConfigurationPlatforms) = preSolution
		Debug|Any CPU = Debug|Any CPU
		Release|Any CPU = Release|Any CPU
	EndGlobalSection
	GlobalSection(ProjectConfigurationPlatforms) = postSolution
		{6ACEC51E-CE77-B5DB-43B3-2D2398385AD7}.Debug|Any CPU.ActiveCfg = Debug|Any CPU
		{6ACEC51E-CE77-B5DB-43B3-2D2398385AD7}.Debug|Any CPU.Build.0 = Debug|Any CPU
		{6ACEC51E-CE77-B5DB-43B3-2D2398385AD7}.Release|Any CPU.ActiveCfg = Release|Any CPU
		{6ACEC51E-CE77-B5DB-43B3-2D2398385AD7}.Release|Any CPU.Build.0 = Release|Any CPU
	EndGlobalSection
	GlobalSection(SolutionProperties) = preSolution
		HideSolutionNode = FALSE
	EndGlobalSection
	GlobalSection(ExtensibilityGlobals) = postSolution
		SolutionGuid = {76D29409-BB3E-4929-B34B-B7C38D117689}
	EndGlobalSection
EndGlobal
